
Microsoft Visual Studio Solution File, Format Version 12.00
# Visual Studio 2012
Project("{2150E333-8FDC-42A3-9474-1A3956D46DE8}") = "Solution Items", "Solution Items", "{AEF3A38E-FB52-44BC-AB0E-CA25B9E6965E}"
EndProject
Project("{FAE04EC0-301F-11D3-BF4B-00C04F79EFBC}") = "FalkonryClient", "FalkonryClient\FalkonryClient.csproj", "{23865509-62E4-40DF-95B9-DDFD7EAC6AD7}"
EndProject
Global
	GlobalSection(SolutionConfigurationPlatforms) = preSolution
		Debug|Any CPU = Debug|Any CPU
		Release|Any CPU = Release|Any CPU
	EndGlobalSection
	GlobalSection(ProjectConfigurationPlatforms) = postSolution
		{23865509-62E4-40DF-95B9-DDFD7EAC6AD7}.Debug|Any CPU.ActiveCfg = Debug|Any CPU
		{23865509-62E4-40DF-95B9-DDFD7EAC6AD7}.Debug|Any CPU.Build.0 = Debug|Any CPU
		{23865509-62E4-40DF-95B9-DDFD7EAC6AD7}.Release|Any CPU.ActiveCfg = Release|Any CPU
		{23865509-62E4-40DF-95B9-DDFD7EAC6AD7}.Release|Any CPU.Build.0 = Release|Any CPU
	EndGlobalSection
	GlobalSection(MonoDevelopProperties) = preSolution
		Policies = $0
		$0.DotNetNamingPolicy = $1
		$1.DirectoryNamespaceAssociation = PrefixedHierarchical
		$0.TextStylePolicy = $2
		$2.FileWidth = 200
		$2.TabWidth = 2
		$2.TabsToSpaces = True
		$2.IndentWidth = 2
		$2.scope = text/x-csharp
		$0.CSharpFormattingPolicy = $3
		$3.scope = text/x-csharp
		$0.StandardHeader = $4
		$0.VersionControlPolicy = $5
		version = 2.2.0
		description = C# ADK for accessing Falkonry's condition prediction APIs
	EndGlobalSection
EndGlobal
